// !$*UTF8*$!
{
	archiveVersion = 1;
	classes = {
	};
	objectVersion = 46;
	objects = {

/* Begin PBXBuildFile section */
		21A8F9071E575F5A00626DAA /* AppDelegate.swift in Sources */ = {isa = PBXBuildFile; fileRef = 21A8F9061E575F5A00626DAA /* AppDelegate.swift */; };
		21A8F9091E575F5A00626DAA /* LoginVC.swift in Sources */ = {isa = PBXBuildFile; fileRef = 21A8F9081E575F5A00626DAA /* LoginVC.swift */; };
		21A8F90C1E575F5A00626DAA /* Main.storyboard in Resources */ = {isa = PBXBuildFile; fileRef = 21A8F90A1E575F5A00626DAA /* Main.storyboard */; };
		21A8F90E1E575F5A00626DAA /* Assets.xcassets in Resources */ = {isa = PBXBuildFile; fileRef = 21A8F90D1E575F5A00626DAA /* Assets.xcassets */; };
		21A8F9111E575F5A00626DAA /* LaunchScreen.storyboard in Resources */ = {isa = PBXBuildFile; fileRef = 21A8F90F1E575F5A00626DAA /* LaunchScreen.storyboard */; };
		21A8F9191E57604300626DAA /* MusicListVC.swift in Sources */ = {isa = PBXBuildFile; fileRef = 21A8F9181E57604300626DAA /* MusicListVC.swift */; };
		21A8F91B1E5762AF00626DAA /* PlaySongVC.swift in Sources */ = {isa = PBXBuildFile; fileRef = 21A8F91A1E5762AF00626DAA /* PlaySongVC.swift */; };
/* End PBXBuildFile section */

/* Begin PBXFileReference section */
		21A8F9031E575F5A00626DAA /* SwappingScreens.app */ = {isa = PBXFileReference; explicitFileType = wrapper.application; includeInIndex = 0; path = SwappingScreens.app; sourceTree = BUILT_PRODUCTS_DIR; };
		21A8F9061E575F5A00626DAA /* AppDelegate.swift */ = {isa = PBXFileReference; lastKnownFileType = sourcecode.swift; path = AppDelegate.swift; sourceTree = "<group>"; };
		21A8F9081E575F5A00626DAA /* LoginVC.swift */ = {isa = PBXFileReference; lastKnownFileType = sourcecode.swift; path = LoginVC.swift; sourceTree = "<group>"; };
		21A8F90B1E575F5A00626DAA /* Base */ = {isa = PBXFileReference; lastKnownFileType = file.storyboard; name = Base; path = Base.lproj/Main.storyboard; sourceTree = "<group>"; };
		21A8F90D1E575F5A00626DAA /* Assets.xcassets */ = {isa = PBXFileReference; lastKnownFileType = folder.assetcatalog; path = Assets.xcassets; sourceTree = "<group>"; };
		21A8F9101E575F5A00626DAA /* Base */ = {isa = PBXFileReference; lastKnownFileType = file.storyboard; name = Base; path = Base.lproj/LaunchScreen.storyboard; sourceTree = "<group>"; };
		21A8F9121E575F5A00626DAA /* Info.plist */ = {isa = PBXFileReference; lastKnownFileType = text.plist.xml; path = Info.plist; sourceTree = "<group>"; };
		21A8F9181E57604300626DAA /* MusicListVC.swift */ = {isa = PBXFileReference; fileEncoding = 4; lastKnownFileType = sourcecode.swift; path = MusicListVC.swift; sourceTree = "<group>"; };
		21A8F91A1E5762AF00626DAA /* PlaySongVC.swift */ = {isa = PBXFileReference; fileEncoding = 4; lastKnownFileType = sourcecode.swift; name = PlaySongVC.swift; path = ../PlaySongVC.swift; sourceTree = "<group>"; };
/* End PBXFileReference section */

/* Begin PBXFrameworksBuildPhase section */
		21A8F9001E575F5A00626DAA /* Frameworks */ = {
			isa = PBXFrameworksBuildPhase;
			buildActionMask = 2147483647;
			files = (
			);
			runOnlyForDeploymentPostprocessing = 0;
		};
/* End PBXFrameworksBuildPhase section */

/* Begin PBXGroup section */
		21A8F8FA1E575F5A00626DAA = {
			isa = PBXGroup;
			children = (
				21A8F9051E575F5A00626DAA /* SwappingScreens */,
				21A8F9041E575F5A00626DAA /* Products */,
			);
			sourceTree = "<group>";
		};
		21A8F9041E575F5A00626DAA /* Products */ = {
			isa = PBXGroup;
			children = (
				21A8F9031E575F5A00626DAA /* SwappingScreens.app */,
			);
			name = Products;
			sourceTree = "<group>";
		};
		21A8F9051E575F5A00626DAA /* SwappingScreens */ = {
			isa = PBXGroup;
			children = (
				21A8F9061E575F5A00626DAA /* AppDelegate.swift */,
				21A8F9081E575F5A00626DAA /* LoginVC.swift */,
				21A8F9181E57604300626DAA /* MusicListVC.swift */,
				21A8F91A1E5762AF00626DAA /* PlaySongVC.swift */,
				21A8F90A1E575F5A00626DAA /* Main.storyboard */,
				21A8F90D1E575F5A00626DAA /* Assets.xcassets */,
				21A8F90F1E575F5A00626DAA /* LaunchScreen.storyboard */,
				21A8F9121E575F5A00626DAA /* Info.plist */,
			);
			path = SwappingScreens;
			sourceTree = "<group>";
		};
/* End PBXGroup section */

/* Begin PBXNativeTarget section */
		21A8F9021E575F5A00626DAA /* SwappingScreens */ = {
			isa = PBXNativeTarget;
			buildConfigurationList = 21A8F9151E575F5A00626DAA /* Build configuration list for PBXNativeTarget "SwappingScreens" */;
			buildPhases = (
				21A8F8FF1E575F5A00626DAA /* Sources */,
				21A8F9001E575F5A00626DAA /* Frameworks */,
				21A8F9011E575F5A00626DAA /* Resources */,
			);
			buildRules = (
			);
			dependencies = (
			);
			name = SwappingScreens;
			productName = SwappingScreens;
			productReference = 21A8F9031E575F5A00626DAA /* SwappingScreens.app */;
			productType = "com.apple.product-type.application";
		};
/* End PBXNativeTarget section */

/* Begin PBXProject section */
		21A8F8FB1E575F5A00626DAA /* Project object */ = {
			isa = PBXProject;
			attributes = {
				LastSwiftUpdateCheck = 0820;
				LastUpgradeCheck = 0820;
				ORGANIZATIONNAME = "ricardo silva";
				TargetAttributes = {
					21A8F9021E575F5A00626DAA = {
						CreatedOnToolsVersion = 8.2.1;
						DevelopmentTeam = 6T4XM3W8GJ;
						ProvisioningStyle = Automatic;
					};
				};
			};
			buildConfigurationList = 21A8F8FE1E575F5A00626DAA /* Build configuration list for PBXProject "SwappingScreens" */;
			compatibilityVersion = "Xcode 3.2";
			developmentRegion = English;
			hasScannedForEncodings = 0;
			knownRegions = (
				en,
				Base,
			);
			mainGroup = 21A8F8FA1E575F5A00626DAA;
			productRefGroup = 21A8F9041E575F5A00626DAA /* Products */;
			projectDirPath = "";
			projectRoot = "";
			targets = (
				21A8F9021E575F5A00626DAA /* SwappingScreens */,
			);
		};
/* End PBXProject section */

/* Begin PBXResourcesBuildPhase section */
		21A8F9011E575F5A00626DAA /* Resources */ = {
			isa = PBXResourcesBuildPhase;
			buildActionMask = 2147483647;
			files = (
				21A8F9111E575F5A00626DAA /* LaunchScreen.storyboard in Resources */,
				21A8F90E1E575F5A00626DAA /* Assets.xcassets in Resources */,
				21A8F90C1E575F5A00626DAA /* Main.storyboard in Resources */,
			);
			runOnlyForDeploymentPostprocessing = 0;
		};
/* End PBXResourcesBuildPhase section */

/* Begin PBXSourcesBuildPhase section */
		21A8F8FF1E575F5A00626DAA /* Sources */ = {
			isa = PBXSourcesBuildPhase;
			buildActionMask = 2147483647;
			files = (
				21A8F9191E57604300626DAA /* MusicListVC.swift in Sources */,
				21A8F91B1E5762AF00626DAA /* PlaySongVC.swift in Sources */,
				21A8F9091E575F5A00626DAA /* LoginVC.swift in Sources */,
				21A8F9071E575F5A00626DAA /* AppDelegate.swift in Sources */,
			);
			runOnlyForDeploymentPostprocessing = 0;
		};
/* End PBXSourcesBuildPhase section */

/* Begin PBXVariantGroup section */
		21A8F90A1E575F5A00626DAA /* Main.storyboard */ = {
			isa = PBXVariantGroup;
			children = (
				21A8F90B1E575F5A00626DAA /* Base */,
			);
			name = Main.storyboard;
			sourceTree = "<group>";
		};
		21A8F90F1E575F5A00626DAA /* LaunchScreen.storyboard */ = {
			isa = PBXVariantGroup;
			children = (
				21A8F9101E575F5A00626DAA /* Base */,
			);
			name = LaunchScreen.storyboard;
			sourceTree = "<group>";
		};
/* End PBXVariantGroup section */

/* Begin XCBuildConfiguration section */
		21A8F9131E575F5A00626DAA /* Debug */ = {
			isa = XCBuildConfiguration;
			buildSettings = {
				ALWAYS_SEARCH_USER_PATHS = NO;
				CLANG_ANALYZER_NONNULL = YES;
				CLANG_CXX_LANGUAGE_STANDARD = "gnu++0x";
				CLANG_CXX_LIBRARY = "libc++";
				CLANG_ENABLE_MODULES = YES;
				CLANG_ENABLE_OBJC_ARC = YES;
				CLANG_WARN_BOOL_CONVERSION = YES;
				CLANG_WARN_CONSTANT_CONVERSION = YES;
				CLANG_WARN_DIRECT_OBJC_ISA_USAGE = YES_ERROR;
				CLANG_WARN_DOCUMENTATION_COMMENTS = YES;
				CLANG_WARN_EMPTY_BODY = YES;
				CLANG_WARN_ENUM_CONVERSION = YES;
				CLANG_WARN_INFINITE_RECURSION = YES;
				CLANG_WARN_INT_CONVERSION = YES;
				CLANG_WARN_OBJC_ROOT_CLASS = YES_ERROR;
				CLANG_WARN_SUSPICIOUS_MOVE = YES;
				CLANG_WARN_UNREACHABLE_CODE = YES;
				CLANG_WARN__DUPLICATE_METHOD_MATCH = YES;
				"CODE_SIGN_IDENTITY[sdk=iphoneos*]" = "iPhone Developer";
				COPY_PHASE_STRIP = NO;
				DEBUG_INFORMATION_FORMAT = dwarf;
				ENABLE_STRICT_OBJC_MSGSEND = YES;
				ENABLE_TESTABILITY = YES;
				GCC_C_LANGUAGE_STANDARD = gnu99;
				GCC_DYNAMIC_NO_PIC = NO;
				GCC_NO_COMMON_BLOCKS = YES;
				GCC_OPTIMIZATION_LEVEL = 0;
				GCC_PREPROCESSOR_DEFINITIONS = (
					"DEBUG=1",
					"$(inherited)",
				);
				GCC_WARN_64_TO_32_BIT_CONVERSION = YES;
				GCC_WARN_ABOUT_RETURN_TYPE = YES_ERROR;
				GCC_WARN_UNDECLARED_SELECTOR = YES;
				GCC_WARN_UNINITIALIZED_AUTOS = YES_AGGRESSIVE;
				GCC_WARN_UNUSED_FUNCTION = YES;
				GCC_WARN_UNUSED_VARIABLE = YES;
				IPHONEOS_DEPLOYMENT_TARGET = 10.2;
				MTL_ENABLE_DEBUG_INFO = YES;
				ONLY_ACTIVE_ARCH = YES;
				SDKROOT = iphoneos;
				SWIFT_ACTIVE_COMPILATION_CONDITIONS = DEBUG;
				SWIFT_OPTIMIZATION_LEVEL = "-Onone";
				TARGETED_DEVICE_FAMILY = "1,2";
			};
			name = Debug;
		};
		21A8F9141E575F5A00626DAA /* Release */ = {
			isa = XCBuildConfiguration;
			buildSettings = {
				ALWAYS_SEARCH_USER_PATHS = NO;
				CLANG_ANALYZER_NONNULL = YES;
				CLANG_CXX_LANGUAGE_STANDARD = "gnu++0x";
				CLANG_CXX_LIBRARY = "libc++";
				CLANG_ENABLE_MODULES = YES;
				CLANG_ENABLE_OBJC_ARC = YES;
				CLANG_WARN_BOOL_CONVERSION = YES;
				CLANG_WARN_CONSTANT_CONVERSION = YES;
				CLANG_WARN_DIRECT_OBJC_ISA_USAGE = YES_ERROR;
				CLANG_WARN_DOCUMENTATION_COMMENTS = YES;
				CLANG_WARN_EMPTY_BODY = YES;
				CLANG_WARN_ENUM_CONVERSION = YES;
				CLANG_WARN_INFINITE_RECURSION = YES;
				CLANG_WARN_INT_CONVERSION = YES;
				CLANG_WARN_OBJC_ROOT_CLASS = YES_ERROR;
				CLANG_WARN_SUSPICIOUS_MOVE = YES;
				CLANG_WARN_UNREACHABLE_CODE = YES;
				CLANG_WARN__DUPLICATE_METHOD_MATCH = YES;
				"CODE_SIGN_IDENTITY[sdk=iphoneos*]" = "iPhone Developer";
				COPY_PHASE_STRIP = NO;
				DEBUG_INFORMATION_FORMAT = "dwarf-with-dsym";
				ENABLE_NS_ASSERTIONS = NO;
				ENABLE_STRICT_OBJC_MSGSEND = YES;
				GCC_C_LANGUAGE_STANDARD = gnu99;
				GCC_NO_COMMON_BLOCKS = YES;
				GCC_WARN_64_TO_32_BIT_CONVERSION = YES;
				GCC_WARN_ABOUT_RETURN_TYPE = YES_ERROR;
				GCC_WARN_UNDECLARED_SELECTOR = YES;
				GCC_WARN_UNINITIALIZED_AUTOS = YES_AGGRESSIVE;
				GCC_WARN_UNUSED_FUNCTION = YES;
				GCC_WARN_UNUSED_VARIABLE = YES;
				IPHONEOS_DEPLOYMENT_TARGET = 10.2;
				MTL_ENABLE_DEBUG_INFO = NO;
				SDKROOT = iphoneos;
				SWIFT_OPTIMIZATION_LEVEL = "-Owholemodule";
				TARGETED_DEVICE_FAMILY = "1,2";
				VALIDATE_PRODUCT = YES;
			};
			name = Release;
		};
		21A8F9161E575F5A00626DAA /* Debug */ = {
			isa = XCBuildConfiguration;
			buildSettings = {
				ASSETCATALOG_COMPILER_APPICON_NAME = AppIcon;
				DEVELOPMENT_TEAM = 6T4XM3W8GJ;
				INFOPLIST_FILE = SwappingScreens/Info.plist;
				LD_RUNPATH_SEARCH_PATHS = "$(inherited) @executable_path/Frameworks";
				PRODUCT_BUNDLE_IDENTIFIER = com.ricardo.silva.SwappingScreens;
				PRODUCT_NAME = "$(TARGET_NAME)";
				SWIFT_VERSION = 3.0;
			};
			name = Debug;
		};
		21A8F9171E575F5A00626DAA /* Release */ = {
			isa = XCBuildConfiguration;
			buildSettings = {
				ASSETCATALOG_COMPILER_APPICON_NAME = AppIcon;
				DEVELOPMENT_TEAM = 6T4XM3W8GJ;
				INFOPLIST_FILE = SwappingScreens/Info.plist;
				LD_RUNPATH_SEARCH_PATHS = "$(inherited) @executable_path/Frameworks";
				PRODUCT_BUNDLE_IDENTIFIER = com.ricardo.silva.SwappingScreens;
				PRODUCT_NAME = "$(TARGET_NAME)";
				SWIFT_VERSION = 3.0;
			};
			name = Release;
		};
/* End XCBuildConfiguration section */

/* Begin XCConfigurationList section */
		21A8F8FE1E575F5A00626DAA /* Build configuration list for PBXProject "SwappingScreens" */ = {
			isa = XCConfigurationList;
			buildConfigurations = (
				21A8F9131E575F5A00626DAA /* Debug */,
				21A8F9141E575F5A00626DAA /* Release */,
			);
			defaultConfigurationIsVisible = 0;
			defaultConfigurationName = Release;
		};
		21A8F9151E575F5A00626DAA /* Build configuration list for PBXNativeTarget "SwappingScreens" */ = {
			isa = XCConfigurationList;
			buildConfigurations = (
				21A8F9161E575F5A00626DAA /* Debug */,
				21A8F9171E575F5A00626DAA /* Release */,
			);
			defaultConfigurationIsVisible = 0;
		};
/* End XCConfigurationList section */
	};
	rootObject = 21A8F8FB1E575F5A00626DAA /* Project object */;
}
